
Microsoft Visual Studio Solution File, Format Version 12.00
# Visual Studio 2013
VisualStudioVersion = 12.0.40629.0
MinimumVisualStudioVersion = 10.0.40219.1
Project("{FAE04EC0-301F-11D3-BF4B-00C04F79EFBC}") = "WPF-EoB", "WPF-EoB\WPF-EoB.csproj", "{01B5E83F-F505-4CBE-985C-09B90ACBA2ED}"
EndProject
Global
	GlobalSection(SolutionConfigurationPlatforms) = preSolution
		Debug|Any CPU = Debug|Any CPU
		Release|Any CPU = Release|Any CPU
	EndGlobalSection
	GlobalSection(ProjectConfigurationPlatforms) = postSolution
		{01B5E83F-F505-4CBE-985C-09B90ACBA2ED}.Debug|Any CPU.ActiveCfg = Debug|Any CPU
		{01B5E83F-F505-4CBE-985C-09B90ACBA2ED}.Debug|Any CPU.Build.0 = Debug|Any CPU
		{01B5E83F-F505-4CBE-985C-09B90ACBA2ED}.Release|Any CPU.ActiveCfg = Release|Any CPU
		{01B5E83F-F505-4CBE-985C-09B90ACBA2ED}.Release|Any CPU.Build.0 = Release|Any CPU
	EndGlobalSection
	GlobalSection(SolutionProperties) = preSolution
		HideSolutionNode = FALSE
	EndGlobalSection
EndGlobal
